# This file is autogenerated, do not edit; changes may be undone by the next 'dep ensure'.


[[projects]]
  digest = "1:b8a91524c7e262bcf2fde6e6bdcebfcaa6450ad073af6df6301fd5f6c32a838b"
  name = "github.com/moovweb/rubex"
  packages = ["."]
  pruneopts = "UT"
  revision = "cb849acea6148000db8a55743f71476b0897ea41"
  version = "6.3.107"

[solve-meta]
  analyzer-name = "dep"
  analyzer-version = 1
  input-imports = ["github.com/moovweb/rubex"]
  solver-name = "gps-cdcl"
  solver-version = 1
